// !$*UTF8*$!
{
	archiveVersion = 1;
	classes = {
	};
	objectVersion = 46;
	objects = {

/* Begin PBXBuildFile section */
		D25A02C81A96D83000949CF3 /* AppDelegate.swift in Sources */ = {isa = PBXBuildFile; fileRef = D25A02C71A96D83000949CF3 /* AppDelegate.swift */; };
		D25A02CA1A96D83000949CF3 /* ViewController.swift in Sources */ = {isa = PBXBuildFile; fileRef = D25A02C91A96D83000949CF3 /* ViewController.swift */; };
		D25A02CD1A96D83000949CF3 /* Main.storyboard in Resources */ = {isa = PBXBuildFile; fileRef = D25A02CB1A96D83000949CF3 /* Main.storyboard */; };
		D25A02CF1A96D83000949CF3 /* Images.xcassets in Resources */ = {isa = PBXBuildFile; fileRef = D25A02CE1A96D83000949CF3 /* Images.xcassets */; };
		D25A02D21A96D83000949CF3 /* LaunchScreen.xib in Resources */ = {isa = PBXBuildFile; fileRef = D25A02D01A96D83000949CF3 /* LaunchScreen.xib */; };
		D25A02DE1A96D83000949CF3 /* AudioTestTests.swift in Sources */ = {isa = PBXBuildFile; fileRef = D25A02DD1A96D83000949CF3 /* AudioTestTests.swift */; };
		D25A02E81A97BF5500949CF3 /* Constants.swift in Sources */ = {isa = PBXBuildFile; fileRef = D25A02E71A97BF5500949CF3 /* Constants.swift */; };
/* End PBXBuildFile section */

/* Begin PBXContainerItemProxy section */
		D25A02D81A96D83000949CF3 /* PBXContainerItemProxy */ = {
			isa = PBXContainerItemProxy;
			containerPortal = D25A02BA1A96D83000949CF3 /* Project object */;
			proxyType = 1;
			remoteGlobalIDString = D25A02C11A96D83000949CF3;
			remoteInfo = AudioTest;
		};
/* End PBXContainerItemProxy section */

/* Begin PBXFileReference section */
		D25A02C21A96D83000949CF3 /* AudioTest.app */ = {isa = PBXFileReference; explicitFileType = wrapper.application; includeInIndex = 0; path = AudioTest.app; sourceTree = BUILT_PRODUCTS_DIR; };
		D25A02C61A96D83000949CF3 /* Info.plist */ = {isa = PBXFileReference; lastKnownFileType = text.plist.xml; path = Info.plist; sourceTree = "<group>"; };
		D25A02C71A96D83000949CF3 /* AppDelegate.swift */ = {isa = PBXFileReference; lastKnownFileType = sourcecode.swift; path = AppDelegate.swift; sourceTree = "<group>"; };
		D25A02C91A96D83000949CF3 /* ViewController.swift */ = {isa = PBXFileReference; lastKnownFileType = sourcecode.swift; path = ViewController.swift; sourceTree = "<group>"; };
		D25A02CC1A96D83000949CF3 /* Base */ = {isa = PBXFileReference; lastKnownFileType = file.storyboard; name = Base; path = Base.lproj/Main.storyboard; sourceTree = "<group>"; };
		D25A02CE1A96D83000949CF3 /* Images.xcassets */ = {isa = PBXFileReference; lastKnownFileType = folder.assetcatalog; path = Images.xcassets; sourceTree = "<group>"; };
		D25A02D11A96D83000949CF3 /* Base */ = {isa = PBXFileReference; lastKnownFileType = file.xib; name = Base; path = Base.lproj/LaunchScreen.xib; sourceTree = "<group>"; };
		D25A02D71A96D83000949CF3 /* AudioTestTests.xctest */ = {isa = PBXFileReference; explicitFileType = wrapper.cfbundle; includeInIndex = 0; path = AudioTestTests.xctest; sourceTree = BUILT_PRODUCTS_DIR; };
		D25A02DC1A96D83000949CF3 /* Info.plist */ = {isa = PBXFileReference; lastKnownFileType = text.plist.xml; path = Info.plist; sourceTree = "<group>"; };
		D25A02DD1A96D83000949CF3 /* AudioTestTests.swift */ = {isa = PBXFileReference; lastKnownFileType = sourcecode.swift; path = AudioTestTests.swift; sourceTree = "<group>"; };
		D25A02E71A97BF5500949CF3 /* Constants.swift */ = {isa = PBXFileReference; fileEncoding = 4; lastKnownFileType = sourcecode.swift; path = Constants.swift; sourceTree = "<group>"; };
/* End PBXFileReference section */

/* Begin PBXFrameworksBuildPhase section */
		D25A02BF1A96D83000949CF3 /* Frameworks */ = {
			isa = PBXFrameworksBuildPhase;
			buildActionMask = 2147483647;
			files = (
			);
			runOnlyForDeploymentPostprocessing = 0;
		};
		D25A02D41A96D83000949CF3 /* Frameworks */ = {
			isa = PBXFrameworksBuildPhase;
			buildActionMask = 2147483647;
			files = (
			);
			runOnlyForDeploymentPostprocessing = 0;
		};
/* End PBXFrameworksBuildPhase section */

/* Begin PBXGroup section */
		D25A02B91A96D83000949CF3 = {
			isa = PBXGroup;
			children = (
				D25A02C41A96D83000949CF3 /* AudioTest */,
				D25A02DA1A96D83000949CF3 /* AudioTestTests */,
				D25A02C31A96D83000949CF3 /* Products */,
			);
			sourceTree = "<group>";
		};
		D25A02C31A96D83000949CF3 /* Products */ = {
			isa = PBXGroup;
			children = (
				D25A02C21A96D83000949CF3 /* AudioTest.app */,
				D25A02D71A96D83000949CF3 /* AudioTestTests.xctest */,
			);
			name = Products;
			sourceTree = "<group>";
		};
		D25A02C41A96D83000949CF3 /* AudioTest */ = {
			isa = PBXGroup;
			children = (
				D25A02C71A96D83000949CF3 /* AppDelegate.swift */,
				D25A02C91A96D83000949CF3 /* ViewController.swift */,
				D25A02CB1A96D83000949CF3 /* Main.storyboard */,
				D25A02CE1A96D83000949CF3 /* Images.xcassets */,
				D25A02D01A96D83000949CF3 /* LaunchScreen.xib */,
				D25A02C51A96D83000949CF3 /* Supporting Files */,
				D25A02E71A97BF5500949CF3 /* Constants.swift */,
			);
			path = AudioTest;
			sourceTree = "<group>";
		};
		D25A02C51A96D83000949CF3 /* Supporting Files */ = {
			isa = PBXGroup;
			children = (
				D25A02C61A96D83000949CF3 /* Info.plist */,
			);
			name = "Supporting Files";
			sourceTree = "<group>";
		};
		D25A02DA1A96D83000949CF3 /* AudioTestTests */ = {
			isa = PBXGroup;
			children = (
				D25A02DD1A96D83000949CF3 /* AudioTestTests.swift */,
				D25A02DB1A96D83000949CF3 /* Supporting Files */,
			);
			path = AudioTestTests;
			sourceTree = "<group>";
		};
		D25A02DB1A96D83000949CF3 /* Supporting Files */ = {
			isa = PBXGroup;
			children = (
				D25A02DC1A96D83000949CF3 /* Info.plist */,
			);
			name = "Supporting Files";
			sourceTree = "<group>";
		};
/* End PBXGroup section */

/* Begin PBXNativeTarget section */
		D25A02C11A96D83000949CF3 /* AudioTest */ = {
			isa = PBXNativeTarget;
			buildConfigurationList = D25A02E11A96D83000949CF3 /* Build configuration list for PBXNativeTarget "AudioTest" */;
			buildPhases = (
				D25A02BE1A96D83000949CF3 /* Sources */,
				D25A02BF1A96D83000949CF3 /* Frameworks */,
				D25A02C01A96D83000949CF3 /* Resources */,
			);
			buildRules = (
			);
			dependencies = (
			);
			name = AudioTest;
			productName = AudioTest;
			productReference = D25A02C21A96D83000949CF3 /* AudioTest.app */;
			productType = "com.apple.product-type.application";
		};
		D25A02D61A96D83000949CF3 /* AudioTestTests */ = {
			isa = PBXNativeTarget;
			buildConfigurationList = D25A02E41A96D83000949CF3 /* Build configuration list for PBXNativeTarget "AudioTestTests" */;
			buildPhases = (
				D25A02D31A96D83000949CF3 /* Sources */,
				D25A02D41A96D83000949CF3 /* Frameworks */,
				D25A02D51A96D83000949CF3 /* Resources */,
			);
			buildRules = (
			);
			dependencies = (
				D25A02D91A96D83000949CF3 /* PBXTargetDependency */,
			);
			name = AudioTestTests;
			productName = AudioTestTests;
			productReference = D25A02D71A96D83000949CF3 /* AudioTestTests.xctest */;
			productType = "com.apple.product-type.bundle.unit-test";
		};
/* End PBXNativeTarget section */

/* Begin PBXProject section */
		D25A02BA1A96D83000949CF3 /* Project object */ = {
			isa = PBXProject;
			attributes = {
				LastUpgradeCheck = 0610;
				ORGANIZATIONNAME = "Scott Krulcik";
				TargetAttributes = {
					D25A02C11A96D83000949CF3 = {
						CreatedOnToolsVersion = 6.1.1;
					};
					D25A02D61A96D83000949CF3 = {
						CreatedOnToolsVersion = 6.1.1;
						TestTargetID = D25A02C11A96D83000949CF3;
					};
				};
			};
			buildConfigurationList = D25A02BD1A96D83000949CF3 /* Build configuration list for PBXProject "AudioTest" */;
			compatibilityVersion = "Xcode 3.2";
			developmentRegion = English;
			hasScannedForEncodings = 0;
			knownRegions = (
				en,
				Base,
			);
			mainGroup = D25A02B91A96D83000949CF3;
			productRefGroup = D25A02C31A96D83000949CF3 /* Products */;
			projectDirPath = "";
			projectRoot = "";
			targets = (
				D25A02C11A96D83000949CF3 /* AudioTest */,
				D25A02D61A96D83000949CF3 /* AudioTestTests */,
			);
		};
/* End PBXProject section */

/* Begin PBXResourcesBuildPhase section */
		D25A02C01A96D83000949CF3 /* Resources */ = {
			isa = PBXResourcesBuildPhase;
			buildActionMask = 2147483647;
			files = (
				D25A02CD1A96D83000949CF3 /* Main.storyboard in Resources */,
				D25A02D21A96D83000949CF3 /* LaunchScreen.xib in Resources */,
				D25A02CF1A96D83000949CF3 /* Images.xcassets in Resources */,
			);
			runOnlyForDeploymentPostprocessing = 0;
		};
		D25A02D51A96D83000949CF3 /* Resources */ = {
			isa = PBXResourcesBuildPhase;
			buildActionMask = 2147483647;
			files = (
			);
			runOnlyForDeploymentPostprocessing = 0;
		};
/* End PBXResourcesBuildPhase section */

/* Begin PBXSourcesBuildPhase section */
		D25A02BE1A96D83000949CF3 /* Sources */ = {
			isa = PBXSourcesBuildPhase;
			buildActionMask = 2147483647;
			files = (
				D25A02CA1A96D83000949CF3 /* ViewController.swift in Sources */,
				D25A02C81A96D83000949CF3 /* AppDelegate.swift in Sources */,
				D25A02E81A97BF5500949CF3 /* Constants.swift in Sources */,
			);
			runOnlyForDeploymentPostprocessing = 0;
		};
		D25A02D31A96D83000949CF3 /* Sources */ = {
			isa = PBXSourcesBuildPhase;
			buildActionMask = 2147483647;
			files = (
				D25A02DE1A96D83000949CF3 /* AudioTestTests.swift in Sources */,
			);
			runOnlyForDeploymentPostprocessing = 0;
		};
/* End PBXSourcesBuildPhase section */

/* Begin PBXTargetDependency section */
		D25A02D91A96D83000949CF3 /* PBXTargetDependency */ = {
			isa = PBXTargetDependency;
			target = D25A02C11A96D83000949CF3 /* AudioTest */;
			targetProxy = D25A02D81A96D83000949CF3 /* PBXContainerItemProxy */;
		};
/* End PBXTargetDependency section */

/* Begin PBXVariantGroup section */
		D25A02CB1A96D83000949CF3 /* Main.storyboard */ = {
			isa = PBXVariantGroup;
			children = (
				D25A02CC1A96D83000949CF3 /* Base */,
			);
			name = Main.storyboard;
			sourceTree = "<group>";
		};
		D25A02D01A96D83000949CF3 /* LaunchScreen.xib */ = {
			isa = PBXVariantGroup;
			children = (
				D25A02D11A96D83000949CF3 /* Base */,
			);
			name = LaunchScreen.xib;
			sourceTree = "<group>";
		};
/* End PBXVariantGroup section */

/* Begin XCBuildConfiguration section */
		D25A02DF1A96D83000949CF3 /* Debug */ = {
			isa = XCBuildConfiguration;
			buildSettings = {
				ALWAYS_SEARCH_USER_PATHS = NO;
				CLANG_CXX_LANGUAGE_STANDARD = "gnu++0x";
				CLANG_CXX_LIBRARY = "libc++";
				CLANG_ENABLE_MODULES = YES;
				CLANG_ENABLE_OBJC_ARC = YES;
				CLANG_WARN_BOOL_CONVERSION = YES;
				CLANG_WARN_CONSTANT_CONVERSION = YES;
				CLANG_WARN_DIRECT_OBJC_ISA_USAGE = YES_ERROR;
				CLANG_WARN_EMPTY_BODY = YES;
				CLANG_WARN_ENUM_CONVERSION = YES;
				CLANG_WARN_INT_CONVERSION = YES;
				CLANG_WARN_OBJC_ROOT_CLASS = YES_ERROR;
				CLANG_WARN_UNREACHABLE_CODE = YES;
				CLANG_WARN__DUPLICATE_METHOD_MATCH = YES;
				"CODE_SIGN_IDENTITY[sdk=iphoneos*]" = "iPhone Developer";
				COPY_PHASE_STRIP = NO;
				ENABLE_STRICT_OBJC_MSGSEND = YES;
				GCC_C_LANGUAGE_STANDARD = gnu99;
				GCC_DYNAMIC_NO_PIC = NO;
				GCC_OPTIMIZATION_LEVEL = 0;
				GCC_PREPROCESSOR_DEFINITIONS = (
					"DEBUG=1",
					"$(inherited)",
				);
				GCC_SYMBOLS_PRIVATE_EXTERN = NO;
				GCC_WARN_64_TO_32_BIT_CONVERSION = YES;
				GCC_WARN_ABOUT_RETURN_TYPE = YES_ERROR;
				GCC_WARN_UNDECLARED_SELECTOR = YES;
				GCC_WARN_UNINITIALIZED_AUTOS = YES_AGGRESSIVE;
				GCC_WARN_UNUSED_FUNCTION = YES;
				GCC_WARN_UNUSED_VARIABLE = YES;
				IPHONEOS_DEPLOYMENT_TARGET = 8.1;
				MTL_ENABLE_DEBUG_INFO = YES;
				ONLY_ACTIVE_ARCH = YES;
				SDKROOT = iphoneos;
				SWIFT_OPTIMIZATION_LEVEL = "-Onone";
			};
			name = Debug;
		};
		D25A02E01A96D83000949CF3 /* Release */ = {
			isa = XCBuildConfiguration;
			buildSettings = {
				ALWAYS_SEARCH_USER_PATHS = NO;
				CLANG_CXX_LANGUAGE_STANDARD = "gnu++0x";
				CLANG_CXX_LIBRARY = "libc++";
				CLANG_ENABLE_MODULES = YES;
				CLANG_ENABLE_OBJC_ARC = YES;
				CLANG_WARN_BOOL_CONVERSION = YES;
				CLANG_WARN_CONSTANT_CONVERSION = YES;
				CLANG_WARN_DIRECT_OBJC_ISA_USAGE = YES_ERROR;
				CLANG_WARN_EMPTY_BODY = YES;
				CLANG_WARN_ENUM_CONVERSION = YES;
				CLANG_WARN_INT_CONVERSION = YES;
				CLANG_WARN_OBJC_ROOT_CLASS = YES_ERROR;
				CLANG_WARN_UNREACHABLE_CODE = YES;
				CLANG_WARN__DUPLICATE_METHOD_MATCH = YES;
				"CODE_SIGN_IDENTITY[sdk=iphoneos*]" = "iPhone Developer";
				COPY_PHASE_STRIP = YES;
				ENABLE_NS_ASSERTIONS = NO;
				ENABLE_STRICT_OBJC_MSGSEND = YES;
				GCC_C_LANGUAGE_STANDARD = gnu99;
				GCC_WARN_64_TO_32_BIT_CONVERSION = YES;
				GCC_WARN_ABOUT_RETURN_TYPE = YES_ERROR;
				GCC_WARN_UNDECLARED_SELECTOR = YES;
				GCC_WARN_UNINITIALIZED_AUTOS = YES_AGGRESSIVE;
				GCC_WARN_UNUSED_FUNCTION = YES;
				GCC_WARN_UNUSED_VARIABLE = YES;
				IPHONEOS_DEPLOYMENT_TARGET = 8.1;
				MTL_ENABLE_DEBUG_INFO = NO;
				SDKROOT = iphoneos;
				VALIDATE_PRODUCT = YES;
			};
			name = Release;
		};
		D25A02E21A96D83000949CF3 /* Debug */ = {
			isa = XCBuildConfiguration;
			buildSettings = {
				ASSETCATALOG_COMPILER_APPICON_NAME = AppIcon;
				INFOPLIST_FILE = AudioTest/Info.plist;
				LD_RUNPATH_SEARCH_PATHS = "$(inherited) @executable_path/Frameworks";
				PRODUCT_NAME = "$(TARGET_NAME)";
			};
			name = Debug;
		};
		D25A02E31A96D83000949CF3 /* Release */ = {
			isa = XCBuildConfiguration;
			buildSettings = {
				ASSETCATALOG_COMPILER_APPICON_NAME = AppIcon;
				INFOPLIST_FILE = AudioTest/Info.plist;
				LD_RUNPATH_SEARCH_PATHS = "$(inherited) @executable_path/Frameworks";
				PRODUCT_NAME = "$(TARGET_NAME)";
			};
			name = Release;
		};
		D25A02E51A96D83000949CF3 /* Debug */ = {
			isa = XCBuildConfiguration;
			buildSettings = {
				BUNDLE_LOADER = "$(TEST_HOST)";
				FRAMEWORK_SEARCH_PATHS = (
					"$(SDKROOT)/Developer/Library/Frameworks",
					"$(inherited)",
				);
				GCC_PREPROCESSOR_DEFINITIONS = (
					"DEBUG=1",
					"$(inherited)",
				);
				INFOPLIST_FILE = AudioTestTests/Info.plist;
				LD_RUNPATH_SEARCH_PATHS = "$(inherited) @executable_path/Frameworks @loader_path/Frameworks";
				PRODUCT_NAME = "$(TARGET_NAME)";
				TEST_HOST = "$(BUILT_PRODUCTS_DIR)/AudioTest.app/AudioTest";
			};
			name = Debug;
		};
		D25A02E61A96D83000949CF3 /* Release */ = {
			isa = XCBuildConfiguration;
			buildSettings = {
				BUNDLE_LOADER = "$(TEST_HOST)";
				FRAMEWORK_SEARCH_PATHS = (
					"$(SDKROOT)/Developer/Library/Frameworks",
					"$(inherited)",
				);
				INFOPLIST_FILE = AudioTestTests/Info.plist;
				LD_RUNPATH_SEARCH_PATHS = "$(inherited) @executable_path/Frameworks @loader_path/Frameworks";
				PRODUCT_NAME = "$(TARGET_NAME)";
				TEST_HOST = "$(BUILT_PRODUCTS_DIR)/AudioTest.app/AudioTest";
			};
			name = Release;
		};
/* End XCBuildConfiguration section */

/* Begin XCConfigurationList section */
		D25A02BD1A96D83000949CF3 /* Build configuration list for PBXProject "AudioTest" */ = {
			isa = XCConfigurationList;
			buildConfigurations = (
				D25A02DF1A96D83000949CF3 /* Debug */,
				D25A02E01A96D83000949CF3 /* Release */,
			);
			defaultConfigurationIsVisible = 0;
			defaultConfigurationName = Release;
		};
		D25A02E11A96D83000949CF3 /* Build configuration list for PBXNativeTarget "AudioTest" */ = {
			isa = XCConfigurationList;
			buildConfigurations = (
				D25A02E21A96D83000949CF3 /* Debug */,
				D25A02E31A96D83000949CF3 /* Release */,
			);
			defaultConfigurationIsVisible = 0;
		};
		D25A02E41A96D83000949CF3 /* Build configuration list for PBXNativeTarget "AudioTestTests" */ = {
			isa = XCConfigurationList;
			buildConfigurations = (
				D25A02E51A96D83000949CF3 /* Debug */,
				D25A02E61A96D83000949CF3 /* Release */,
			);
			defaultConfigurationIsVisible = 0;
		};
/* End XCConfigurationList section */
	};
	rootObject = D25A02BA1A96D83000949CF3 /* Project object */;
}
